{
  "requires": true,
  "lockfileVersion": 1,
  "dependencies": {
    "@alyle/ui": {
      "version": "10.2.1",
      "resolved": "https://registry.npmjs.org/@alyle/ui/-/ui-10.2.1.tgz",
      "integrity": "sha512-lSrFzD87QJrjc53SC6HtBxtBAZKnJi+Say9tmnSo6SkgQqLsqjbhxEulyEEcxTg3noAzPzObgDcF8ZFlhKEvMA==",
      "requires": {
        "tslib": "^1.9.0"
      }
    },
    "libphonenumber-js": {
      "version": "1.7.55",
      "resolved": "https://registry.npmjs.org/libphonenumber-js/-/libphonenumber-js-1.7.55.tgz",
      "integrity": "sha512-vYT83akP6uJq5QiMgzzVsWrGWJpQ4KgX2SmW0RBgLFD1UzICjVgp+7ajEep3oRcv2838kMTu1gj7KHPi0Y6Y6w==",
      "requires": {
        "minimist": "^1.2.5",
        "xml2js": "^0.4.17"
      }
    },
    "minimist": {
      "version": "1.2.5",
      "resolved": "https://registry.npmjs.org/minimist/-/minimist-1.2.5.tgz",
      "integrity": "sha512-FM9nNUYrRBAELZQT3xeZQ7fmMOBg6nWNmJKTcgsJeaLstP/UODVpGsr5OhXhhXg6f+qtJ8uiZ+PUxkDWcgIXLw=="
    },
    "ngx-csv": {
      "version": "0.3.2",
      "resolved": "https://registry.npmjs.org/ngx-csv/-/ngx-csv-0.3.2.tgz",
      "integrity": "sha512-rtR5kUUxH1RgZegyRuFaoy3KoeRnP4oi6lHTZkNWoQ19bpVqXOwMFOkdwWjElI4RsMEFCnaFcJQ5iARFsjE86Q=="
    },
    "sax": {
      "version": "1.2.4",
      "resolved": "https://registry.npmjs.org/sax/-/sax-1.2.4.tgz",
      "integrity": "sha512-NqVDv9TpANUjFm0N8uM5GxL36UgKi9/atZw+x7YFnQ8ckwFGKrl4xX4yWtrey3UJm5nP1kUbnYgLopqWNSRhWw=="
    },
    "tslib": {
      "version": "1.13.0",
      "resolved": "https://registry.npmjs.org/tslib/-/tslib-1.13.0.tgz",
      "integrity": "sha512-i/6DQjL8Xf3be4K/E6Wgpekn5Qasl1usyw++dAA35Ue5orEn65VIxOA+YvNNl9HV3qv70T7CNwjODHZrLwvd1Q=="
    },
    "xml2js": {
      "version": "0.4.23",
      "resolved": "https://registry.npmjs.org/xml2js/-/xml2js-0.4.23.tgz",
      "integrity": "sha512-ySPiMjM0+pLDftHgXY4By0uswI3SPKLDw/i3UXbnO8M/p28zqexCUoPmQFrYD+/1BzhGJSs2i1ERWKJAtiLrug==",
      "requires": {
        "sax": ">=0.6.0",
        "xmlbuilder": "~11.0.0"
      }
    },
    "xmlbuilder": {
      "version": "11.0.1",
      "resolved": "https://registry.npmjs.org/xmlbuilder/-/xmlbuilder-11.0.1.tgz",
      "integrity": "sha512-fDlsI/kFEx7gLvbecc0/ohLG50fugQp8ryHzMTuW9vSa1GJ0XYWKnhsUx7oie3G98+r56aTQIUB4kht42R3JvA=="
    }
  }
}
